
Microsoft Visual Studio Solution File, Format Version 12.00
# Visual Studio Version 17
VisualStudioVersion = 17.3.32922.545
MinimumVisualStudioVersion = 10.0.40219.1
Project("{FAE04EC0-301F-11D3-BF4B-00C04F79EFBC}") = "work1", "work1.csproj", "{A2F7F170-0EDC-47E1-88EE-0B98673A5B01}"
EndProject
Global
	GlobalSection(SolutionConfigurationPlatforms) = preSolution
		Debug|Any CPU = Debug|Any CPU
		Release|Any CPU = Release|Any CPU
	EndGlobalSection
	GlobalSection(ProjectConfigurationPlatforms) = postSolution
		{A2F7F170-0EDC-47E1-88EE-0B98673A5B01}.Debug|Any CPU.ActiveCfg = Debug|Any CPU
		{A2F7F170-0EDC-47E1-88EE-0B98673A5B01}.Debug|Any CPU.Build.0 = Debug|Any CPU
		{A2F7F170-0EDC-47E1-88EE-0B98673A5B01}.Release|Any CPU.ActiveCfg = Release|Any CPU
		{A2F7F170-0EDC-47E1-88EE-0B98673A5B01}.Release|Any CPU.Build.0 = Release|Any CPU
	EndGlobalSection
	GlobalSection(SolutionProperties) = preSolution
		HideSolutionNode = FALSE
	EndGlobalSection
	GlobalSection(ExtensibilityGlobals) = postSolution
		SolutionGuid = {43868975-E39C-4BB6-A8A4-7620C5D413A5}
	EndGlobalSection
EndGlobal
